
Microsoft Visual Studio Solution File, Format Version 12.00
# Visual Studio Version 17
VisualStudioVersion = 17.14.36429.23 d17.14
MinimumVisualStudioVersion = 10.0.40219.1
Project("{FAE04EC0-301F-11D3-BF4B-00C04F79EFBC}") = "TechnortalDotNetTrainingBatch3.ConsoleApp", "TechnortalDotNetTrainingBatch3.ConsoleApp\TechnortalDotNetTrainingBatch3.ConsoleApp.csproj", "{EA4C7916-2DA7-4A14-9975-048EE8EBF9E2}"
EndProject
Global
	GlobalSection(SolutionConfigurationPlatforms) = preSolution
		Debug|Any CPU = Debug|Any CPU
		Release|Any CPU = Release|Any CPU
	EndGlobalSection
	GlobalSection(ProjectConfigurationPlatforms) = postSolution
		{EA4C7916-2DA7-4A14-9975-048EE8EBF9E2}.Debug|Any CPU.ActiveCfg = Debug|Any CPU
		{EA4C7916-2DA7-4A14-9975-048EE8EBF9E2}.Debug|Any CPU.Build.0 = Debug|Any CPU
		{EA4C7916-2DA7-4A14-9975-048EE8EBF9E2}.Release|Any CPU.ActiveCfg = Release|Any CPU
		{EA4C7916-2DA7-4A14-9975-048EE8EBF9E2}.Release|Any CPU.Build.0 = Release|Any CPU
	EndGlobalSection
	GlobalSection(SolutionProperties) = preSolution
		HideSolutionNode = FALSE
	EndGlobalSection
	GlobalSection(ExtensibilityGlobals) = postSolution
		SolutionGuid = {C787EBB2-CECA-4884-B829-70D71521316A}
	EndGlobalSection
EndGlobal
